// !$*UTF8*$!
{
	archiveVersion = 1;
	classes = {
	};
	objectVersion = 46;
	objects = {

/* Begin PBXBuildFile section */
		386EBEB21B95A17A00C678FE /* Client.h in CopyFiles */ = {isa = PBXBuildFile; fileRef = 38FB87731B7CD49200F4C5B3 /* Client.h */; };
		386EBEB31B95A17A00C678FE /* ClientManager.h in CopyFiles */ = {isa = PBXBuildFile; fileRef = 38FB87571B7CD2F300F4C5B3 /* ClientManager.h */; };
		386EBEB41B95A17A00C678FE /* GenericClient.h in CopyFiles */ = {isa = PBXBuildFile; fileRef = 38FB87591B7CD2F300F4C5B3 /* GenericClient.h */; };
		386EBEB81B95A17A00C678FE /* GenericClient+OutputHandling.h in CopyFiles */ = {isa = PBXBuildFile; fileRef = 38FB876B1B7CD36600F4C5B3 /* GenericClient+OutputHandling.h */; };
		38DC3B951B99A04200D7998A /* libTools.a in Frameworks */ = {isa = PBXBuildFile; fileRef = 380503281B60D0890062DE76 /* libTools.a */; };
		38FB875B1B7CD2F300F4C5B3 /* ClientManager.m in Sources */ = {isa = PBXBuildFile; fileRef = 38FB87581B7CD2F300F4C5B3 /* ClientManager.m */; };
		38FB875C1B7CD2F300F4C5B3 /* GenericClient.m in Sources */ = {isa = PBXBuildFile; fileRef = 38FB875A1B7CD2F300F4C5B3 /* GenericClient.m */; };
		38FB876E1B7CD36600F4C5B3 /* GenericClient+OutputHandling.m in Sources */ = {isa = PBXBuildFile; fileRef = 38FB876C1B7CD36600F4C5B3 /* GenericClient+OutputHandling.m */; };
/* End PBXBuildFile section */

/* Begin PBXContainerItemProxy section */
		380503271B60D0890062DE76 /* PBXContainerItemProxy */ = {
			isa = PBXContainerItemProxy;
			containerPortal = 380503221B60D0890062DE76 /* Tools.xcodeproj */;
			proxyType = 2;
			remoteGlobalIDString = 38EA10381B5E1DAD004EE76E;
			remoteInfo = Tools;
		};
		380503291B60D0890062DE76 /* PBXContainerItemProxy */ = {
			isa = PBXContainerItemProxy;
			containerPortal = 380503221B60D0890062DE76 /* Tools.xcodeproj */;
			proxyType = 2;
			remoteGlobalIDString = 38EA10431B5E1DAD004EE76E;
			remoteInfo = ToolsTests;
		};
/* End PBXContainerItemProxy section */

/* Begin PBXCopyFilesBuildPhase section */
		38EA10751B5E33A0004EE76E /* CopyFiles */ = {
			isa = PBXCopyFilesBuildPhase;
			buildActionMask = 2147483647;
			dstPath = "include/$(PRODUCT_NAME)";
			dstSubfolderSpec = 16;
			files = (
				386EBEB21B95A17A00C678FE /* Client.h in CopyFiles */,
				386EBEB31B95A17A00C678FE /* ClientManager.h in CopyFiles */,
				386EBEB41B95A17A00C678FE /* GenericClient.h in CopyFiles */,
				386EBEB81B95A17A00C678FE /* GenericClient+OutputHandling.h in CopyFiles */,
			);
			runOnlyForDeploymentPostprocessing = 0;
		};
/* End PBXCopyFilesBuildPhase section */

/* Begin PBXFileReference section */
		380503221B60D0890062DE76 /* Tools.xcodeproj */ = {isa = PBXFileReference; lastKnownFileType = "wrapper.pb-project"; name = Tools.xcodeproj; path = Tools/Tools.xcodeproj; sourceTree = "<group>"; };
		38EA10771B5E33A0004EE76E /* libGenericClient.a */ = {isa = PBXFileReference; explicitFileType = archive.ar; includeInIndex = 0; path = libGenericClient.a; sourceTree = BUILT_PRODUCTS_DIR; };
		38FB87571B7CD2F300F4C5B3 /* ClientManager.h */ = {isa = PBXFileReference; fileEncoding = 4; lastKnownFileType = sourcecode.c.h; name = ClientManager.h; path = GenericClient/ClientManager.h; sourceTree = "<group>"; };
		38FB87581B7CD2F300F4C5B3 /* ClientManager.m */ = {isa = PBXFileReference; fileEncoding = 4; lastKnownFileType = sourcecode.c.objc; name = ClientManager.m; path = GenericClient/ClientManager.m; sourceTree = "<group>"; };
		38FB87591B7CD2F300F4C5B3 /* GenericClient.h */ = {isa = PBXFileReference; fileEncoding = 4; lastKnownFileType = sourcecode.c.h; name = GenericClient.h; path = GenericClient/GenericClient.h; sourceTree = "<group>"; };
		38FB875A1B7CD2F300F4C5B3 /* GenericClient.m */ = {isa = PBXFileReference; fileEncoding = 4; lastKnownFileType = sourcecode.c.objc; name = GenericClient.m; path = GenericClient/GenericClient.m; sourceTree = "<group>"; };
		38FB876B1B7CD36600F4C5B3 /* GenericClient+OutputHandling.h */ = {isa = PBXFileReference; fileEncoding = 4; lastKnownFileType = sourcecode.c.h; name = "GenericClient+OutputHandling.h"; path = "GenericClient/GenericClient+OutputHandling.h"; sourceTree = SOURCE_ROOT; };
		38FB876C1B7CD36600F4C5B3 /* GenericClient+OutputHandling.m */ = {isa = PBXFileReference; fileEncoding = 4; lastKnownFileType = sourcecode.c.objc; name = "GenericClient+OutputHandling.m"; path = "GenericClient/GenericClient+OutputHandling.m"; sourceTree = SOURCE_ROOT; };
		38FB87731B7CD49200F4C5B3 /* Client.h */ = {isa = PBXFileReference; lastKnownFileType = sourcecode.c.h; name = Client.h; path = GenericClient/Client.h; sourceTree = "<group>"; };
/* End PBXFileReference section */

/* Begin PBXFrameworksBuildPhase section */
		38EA10741B5E33A0004EE76E /* Frameworks */ = {
			isa = PBXFrameworksBuildPhase;
			buildActionMask = 2147483647;
			files = (
				38DC3B951B99A04200D7998A /* libTools.a in Frameworks */,
			);
			runOnlyForDeploymentPostprocessing = 0;
		};
/* End PBXFrameworksBuildPhase section */

/* Begin PBXGroup section */
		380503231B60D0890062DE76 /* Products */ = {
			isa = PBXGroup;
			children = (
				380503281B60D0890062DE76 /* libTools.a */,
				3805032A1B60D0890062DE76 /* ToolsTests.xctest */,
			);
			name = Products;
			sourceTree = "<group>";
		};
		38EA106E1B5E33A0004EE76E = {
			isa = PBXGroup;
			children = (
				38FB87731B7CD49200F4C5B3 /* Client.h */,
				38F4CE9F1B79D24600A8F464 /* Generic Client */,
				38EA109A1B5E3595004EE76E /* Libraries */,
				38EA10781B5E33A0004EE76E /* Products */,
			);
			sourceTree = "<group>";
		};
		38EA10781B5E33A0004EE76E /* Products */ = {
			isa = PBXGroup;
			children = (
				38EA10771B5E33A0004EE76E /* libGenericClient.a */,
			);
			name = Products;
			sourceTree = "<group>";
		};
		38EA109A1B5E3595004EE76E /* Libraries */ = {
			isa = PBXGroup;
			children = (
				38EA10C91B5E3967004EE76E /* Tools */,
			);
			name = Libraries;
			sourceTree = "<group>";
		};
		38EA10C91B5E3967004EE76E /* Tools */ = {
			isa = PBXGroup;
			children = (
				380503221B60D0890062DE76 /* Tools.xcodeproj */,
			);
			name = Tools;
			sourceTree = "<group>";
		};
		38F4CE9F1B79D24600A8F464 /* Generic Client */ = {
			isa = PBXGroup;
			children = (
				38FB87571B7CD2F300F4C5B3 /* ClientManager.h */,
				38FB87581B7CD2F300F4C5B3 /* ClientManager.m */,
				38FB87591B7CD2F300F4C5B3 /* GenericClient.h */,
				38FB875A1B7CD2F300F4C5B3 /* GenericClient.m */,
				38FB876B1B7CD36600F4C5B3 /* GenericClient+OutputHandling.h */,
				38FB876C1B7CD36600F4C5B3 /* GenericClient+OutputHandling.m */,
			);
			name = "Generic Client";
			sourceTree = "<group>";
		};
/* End PBXGroup section */

/* Begin PBXNativeTarget section */
		38EA10761B5E33A0004EE76E /* GenericClient */ = {
			isa = PBXNativeTarget;
			buildConfigurationList = 38EA108B1B5E33A0004EE76E /* Build configuration list for PBXNativeTarget "GenericClient" */;
			buildPhases = (
				38EA10731B5E33A0004EE76E /* Sources */,
				38EA10741B5E33A0004EE76E /* Frameworks */,
				38EA10751B5E33A0004EE76E /* CopyFiles */,
			);
			buildRules = (
			);
			dependencies = (
			);
			name = GenericClient;
			productName = ErrorClient;
			productReference = 38EA10771B5E33A0004EE76E /* libGenericClient.a */;
			productType = "com.apple.product-type.library.static";
		};
/* End PBXNativeTarget section */

/* Begin PBXProject section */
		38EA106F1B5E33A0004EE76E /* Project object */ = {
			isa = PBXProject;
			attributes = {
				LastUpgradeCheck = 0700;
				ORGANIZATIONNAME = Elvi;
				TargetAttributes = {
					38EA10761B5E33A0004EE76E = {
						CreatedOnToolsVersion = 6.4;
					};
				};
			};
			buildConfigurationList = 38EA10721B5E33A0004EE76E /* Build configuration list for PBXProject "GenericClient" */;
			compatibilityVersion = "Xcode 3.2";
			developmentRegion = English;
			hasScannedForEncodings = 0;
			knownRegions = (
				en,
			);
			mainGroup = 38EA106E1B5E33A0004EE76E;
			productRefGroup = 38EA10781B5E33A0004EE76E /* Products */;
			projectDirPath = "";
			projectReferences = (
				{
					ProductGroup = 380503231B60D0890062DE76 /* Products */;
					ProjectRef = 380503221B60D0890062DE76 /* Tools.xcodeproj */;
				},
			);
			projectRoot = "";
			targets = (
				38EA10761B5E33A0004EE76E /* GenericClient */,
			);
		};
/* End PBXProject section */

/* Begin PBXReferenceProxy section */
		380503281B60D0890062DE76 /* libTools.a */ = {
			isa = PBXReferenceProxy;
			fileType = archive.ar;
			path = libTools.a;
			remoteRef = 380503271B60D0890062DE76 /* PBXContainerItemProxy */;
			sourceTree = BUILT_PRODUCTS_DIR;
		};
		3805032A1B60D0890062DE76 /* ToolsTests.xctest */ = {
			isa = PBXReferenceProxy;
			fileType = wrapper.cfbundle;
			path = ToolsTests.xctest;
			remoteRef = 380503291B60D0890062DE76 /* PBXContainerItemProxy */;
			sourceTree = BUILT_PRODUCTS_DIR;
		};
/* End PBXReferenceProxy section */

/* Begin PBXSourcesBuildPhase section */
		38EA10731B5E33A0004EE76E /* Sources */ = {
			isa = PBXSourcesBuildPhase;
			buildActionMask = 2147483647;
			files = (
				38FB875C1B7CD2F300F4C5B3 /* GenericClient.m in Sources */,
				38FB876E1B7CD36600F4C5B3 /* GenericClient+OutputHandling.m in Sources */,
				38FB875B1B7CD2F300F4C5B3 /* ClientManager.m in Sources */,
			);
			runOnlyForDeploymentPostprocessing = 0;
		};
/* End PBXSourcesBuildPhase section */

/* Begin XCBuildConfiguration section */
		38EA10891B5E33A0004EE76E /* Debug */ = {
			isa = XCBuildConfiguration;
			buildSettings = {
				ALWAYS_SEARCH_USER_PATHS = NO;
				CLANG_CXX_LANGUAGE_STANDARD = "gnu++0x";
				CLANG_CXX_LIBRARY = "libc++";
				CLANG_ENABLE_MODULES = YES;
				CLANG_ENABLE_OBJC_ARC = YES;
				CLANG_WARN_BOOL_CONVERSION = YES;
				CLANG_WARN_CONSTANT_CONVERSION = YES;
				CLANG_WARN_DIRECT_OBJC_ISA_USAGE = YES_ERROR;
				CLANG_WARN_EMPTY_BODY = YES;
				CLANG_WARN_ENUM_CONVERSION = YES;
				CLANG_WARN_INT_CONVERSION = YES;
				CLANG_WARN_OBJC_ROOT_CLASS = YES_ERROR;
				CLANG_WARN_UNREACHABLE_CODE = YES;
				CLANG_WARN__DUPLICATE_METHOD_MATCH = YES;
				COPY_PHASE_STRIP = NO;
				DEBUG_INFORMATION_FORMAT = "dwarf-with-dsym";
				ENABLE_STRICT_OBJC_MSGSEND = YES;
				ENABLE_TESTABILITY = YES;
				GCC_C_LANGUAGE_STANDARD = gnu99;
				GCC_DYNAMIC_NO_PIC = NO;
				GCC_NO_COMMON_BLOCKS = YES;
				GCC_OPTIMIZATION_LEVEL = 0;
				GCC_PREPROCESSOR_DEFINITIONS = (
					"DEBUG=1",
					"$(inherited)",
				);
				GCC_SYMBOLS_PRIVATE_EXTERN = NO;
				GCC_WARN_64_TO_32_BIT_CONVERSION = YES;
				GCC_WARN_ABOUT_RETURN_TYPE = YES_ERROR;
				GCC_WARN_UNDECLARED_SELECTOR = YES;
				GCC_WARN_UNINITIALIZED_AUTOS = YES_AGGRESSIVE;
				GCC_WARN_UNUSED_FUNCTION = YES;
				GCC_WARN_UNUSED_VARIABLE = YES;
				HEADER_SEARCH_PATHS = (
					"$(inherited)",
					/Applications/Xcode.app/Contents/Developer/Toolchains/XcodeDefault.xctoolchain/usr/include,
					"\"${TARGET_BUILD_DIR}\"/**",
				);
				IPHONEOS_DEPLOYMENT_TARGET = 6.0;
				MTL_ENABLE_DEBUG_INFO = YES;
				ONLY_ACTIVE_ARCH = YES;
				OTHER_LDFLAGS = "-ObjC";
				SDKROOT = iphoneos;
				USER_HEADER_SEARCH_PATHS = "";
			};
			name = Debug;
		};
		38EA108A1B5E33A0004EE76E /* Release */ = {
			isa = XCBuildConfiguration;
			buildSettings = {
				ALWAYS_SEARCH_USER_PATHS = NO;
				CLANG_CXX_LANGUAGE_STANDARD = "gnu++0x";
				CLANG_CXX_LIBRARY = "libc++";
				CLANG_ENABLE_MODULES = YES;
				CLANG_ENABLE_OBJC_ARC = YES;
				CLANG_WARN_BOOL_CONVERSION = YES;
				CLANG_WARN_CONSTANT_CONVERSION = YES;
				CLANG_WARN_DIRECT_OBJC_ISA_USAGE = YES_ERROR;
				CLANG_WARN_EMPTY_BODY = YES;
				CLANG_WARN_ENUM_CONVERSION = YES;
				CLANG_WARN_INT_CONVERSION = YES;
				CLANG_WARN_OBJC_ROOT_CLASS = YES_ERROR;
				CLANG_WARN_UNREACHABLE_CODE = YES;
				CLANG_WARN__DUPLICATE_METHOD_MATCH = YES;
				COPY_PHASE_STRIP = NO;
				DEBUG_INFORMATION_FORMAT = "dwarf-with-dsym";
				ENABLE_NS_ASSERTIONS = NO;
				ENABLE_STRICT_OBJC_MSGSEND = YES;
				GCC_C_LANGUAGE_STANDARD = gnu99;
				GCC_NO_COMMON_BLOCKS = YES;
				GCC_WARN_64_TO_32_BIT_CONVERSION = YES;
				GCC_WARN_ABOUT_RETURN_TYPE = YES_ERROR;
				GCC_WARN_UNDECLARED_SELECTOR = YES;
				GCC_WARN_UNINITIALIZED_AUTOS = YES_AGGRESSIVE;
				GCC_WARN_UNUSED_FUNCTION = YES;
				GCC_WARN_UNUSED_VARIABLE = YES;
				HEADER_SEARCH_PATHS = (
					"$(inherited)",
					/Applications/Xcode.app/Contents/Developer/Toolchains/XcodeDefault.xctoolchain/usr/include,
					"\"${TARGET_BUILD_DIR}\"/**",
				);
				IPHONEOS_DEPLOYMENT_TARGET = 6.0;
				MTL_ENABLE_DEBUG_INFO = NO;
				OTHER_LDFLAGS = "-ObjC";
				SDKROOT = iphoneos;
				USER_HEADER_SEARCH_PATHS = "";
				VALIDATE_PRODUCT = YES;
			};
			name = Release;
		};
		38EA108C1B5E33A0004EE76E /* Debug */ = {
			isa = XCBuildConfiguration;
			buildSettings = {
				HEADER_SEARCH_PATHS = (
					"$(inherited)",
					/Applications/Xcode.app/Contents/Developer/Toolchains/XcodeDefault.xctoolchain/usr/include,
				);
				OTHER_LDFLAGS = "-ObjC";
				PRODUCT_NAME = GenericClient;
				SKIP_INSTALL = YES;
			};
			name = Debug;
		};
		38EA108D1B5E33A0004EE76E /* Release */ = {
			isa = XCBuildConfiguration;
			buildSettings = {
				HEADER_SEARCH_PATHS = (
					"$(inherited)",
					/Applications/Xcode.app/Contents/Developer/Toolchains/XcodeDefault.xctoolchain/usr/include,
				);
				OTHER_LDFLAGS = "-ObjC";
				PRODUCT_NAME = GenericClient;
				SKIP_INSTALL = YES;
			};
			name = Release;
		};
/* End XCBuildConfiguration section */

/* Begin XCConfigurationList section */
		38EA10721B5E33A0004EE76E /* Build configuration list for PBXProject "GenericClient" */ = {
			isa = XCConfigurationList;
			buildConfigurations = (
				38EA10891B5E33A0004EE76E /* Debug */,
				38EA108A1B5E33A0004EE76E /* Release */,
			);
			defaultConfigurationIsVisible = 0;
			defaultConfigurationName = Release;
		};
		38EA108B1B5E33A0004EE76E /* Build configuration list for PBXNativeTarget "GenericClient" */ = {
			isa = XCConfigurationList;
			buildConfigurations = (
				38EA108C1B5E33A0004EE76E /* Debug */,
				38EA108D1B5E33A0004EE76E /* Release */,
			);
			defaultConfigurationIsVisible = 0;
			defaultConfigurationName = Release;
		};
/* End XCConfigurationList section */
	};
	rootObject = 38EA106F1B5E33A0004EE76E /* Project object */;
}
